
Microsoft Visual Studio Solution File, Format Version 12.00
# Visual Studio 15
VisualStudioVersion = 15.0.28307.1000
MinimumVisualStudioVersion = 10.0.40219.1
Project("{FAE04EC0-301F-11D3-BF4B-00C04F79EFBC}") = "Api", "TechnicalInterview\Api.csproj", "{AF2E3880-B3F1-4530-B30D-94048EEDFF80}"
EndProject
Project("{FAE04EC0-301F-11D3-BF4B-00C04F79EFBC}") = "Domain", "Domain\Domain.csproj", "{FA56C300-4082-49C7-A2D7-D46201ABF6F9}"
EndProject
Project("{FAE04EC0-301F-11D3-BF4B-00C04F79EFBC}") = "Repository", "Repository\Repository.csproj", "{C4AC7B5D-AB7A-4E00-BD5F-42CA1F535A50}"
EndProject
Project("{FAE04EC0-301F-11D3-BF4B-00C04F79EFBC}") = "Services", "Services\Services.csproj", "{A329DD51-717F-4148-BAE4-13BEA819D674}"
EndProject
Project("{FAE04EC0-301F-11D3-BF4B-00C04F79EFBC}") = "Mapping", "Mapping\Mapping.csproj", "{19D0B736-3A97-4CBD-A0D0-9D9C60FAE357}"
EndProject
Global
	GlobalSection(SolutionConfigurationPlatforms) = preSolution
		Debug|Any CPU = Debug|Any CPU
		Release|Any CPU = Release|Any CPU
	EndGlobalSection
	GlobalSection(ProjectConfigurationPlatforms) = postSolution
		{AF2E3880-B3F1-4530-B30D-94048EEDFF80}.Debug|Any CPU.ActiveCfg = Debug|Any CPU
		{AF2E3880-B3F1-4530-B30D-94048EEDFF80}.Debug|Any CPU.Build.0 = Debug|Any CPU
		{AF2E3880-B3F1-4530-B30D-94048EEDFF80}.Release|Any CPU.ActiveCfg = Release|Any CPU
		{AF2E3880-B3F1-4530-B30D-94048EEDFF80}.Release|Any CPU.Build.0 = Release|Any CPU
		{FA56C300-4082-49C7-A2D7-D46201ABF6F9}.Debug|Any CPU.ActiveCfg = Debug|Any CPU
		{FA56C300-4082-49C7-A2D7-D46201ABF6F9}.Debug|Any CPU.Build.0 = Debug|Any CPU
		{FA56C300-4082-49C7-A2D7-D46201ABF6F9}.Release|Any CPU.ActiveCfg = Release|Any CPU
		{FA56C300-4082-49C7-A2D7-D46201ABF6F9}.Release|Any CPU.Build.0 = Release|Any CPU
		{C4AC7B5D-AB7A-4E00-BD5F-42CA1F535A50}.Debug|Any CPU.ActiveCfg = Debug|Any CPU
		{C4AC7B5D-AB7A-4E00-BD5F-42CA1F535A50}.Debug|Any CPU.Build.0 = Debug|Any CPU
		{C4AC7B5D-AB7A-4E00-BD5F-42CA1F535A50}.Release|Any CPU.ActiveCfg = Release|Any CPU
		{C4AC7B5D-AB7A-4E00-BD5F-42CA1F535A50}.Release|Any CPU.Build.0 = Release|Any CPU
		{A329DD51-717F-4148-BAE4-13BEA819D674}.Debug|Any CPU.ActiveCfg = Debug|Any CPU
		{A329DD51-717F-4148-BAE4-13BEA819D674}.Debug|Any CPU.Build.0 = Debug|Any CPU
		{A329DD51-717F-4148-BAE4-13BEA819D674}.Release|Any CPU.ActiveCfg = Release|Any CPU
		{A329DD51-717F-4148-BAE4-13BEA819D674}.Release|Any CPU.Build.0 = Release|Any CPU
		{19D0B736-3A97-4CBD-A0D0-9D9C60FAE357}.Debug|Any CPU.ActiveCfg = Debug|Any CPU
		{19D0B736-3A97-4CBD-A0D0-9D9C60FAE357}.Debug|Any CPU.Build.0 = Debug|Any CPU
		{19D0B736-3A97-4CBD-A0D0-9D9C60FAE357}.Release|Any CPU.ActiveCfg = Release|Any CPU
		{19D0B736-3A97-4CBD-A0D0-9D9C60FAE357}.Release|Any CPU.Build.0 = Release|Any CPU
	EndGlobalSection
	GlobalSection(SolutionProperties) = preSolution
		HideSolutionNode = FALSE
	EndGlobalSection
	GlobalSection(ExtensibilityGlobals) = postSolution
		SolutionGuid = {72ADB0F3-398B-4F7E-8710-16B5C46E399F}
	EndGlobalSection
EndGlobal
